// !$*UTF8*$!
{
	archiveVersion = 1;
	classes = {
	};
	objectVersion = 48;
	objects = {

/* Begin PBXBuildFile section */
		0D069A202048DA2000E1C8CE /* Extensions.swift in Sources */ = {isa = PBXBuildFile; fileRef = 0D069A1F2048DA2000E1C8CE /* Extensions.swift */; };
		0D3F284A203599F8000162C0 /* sample_pdf.pdf in Resources */ = {isa = PBXBuildFile; fileRef = 0D3F2849203599F8000162C0 /* sample_pdf.pdf */; };
		0D3F284C20359A56000162C0 /* CGPDFPageViewController.swift in Sources */ = {isa = PBXBuildFile; fileRef = 0D3F284B20359A56000162C0 /* CGPDFPageViewController.swift */; };
		0D3F28542038A5F9000162C0 /* PDFParser.swift in Sources */ = {isa = PBXBuildFile; fileRef = 0D3F28532038A5F9000162C0 /* PDFParser.swift */; };
		0D3F285720399A29000162C0 /* MemesPdfView.swift in Sources */ = {isa = PBXBuildFile; fileRef = 0D3F285620399A29000162C0 /* MemesPdfView.swift */; };
		0DBFD367205F4D0E009EF037 /* DraggableCollectionViewController.swift in Sources */ = {isa = PBXBuildFile; fileRef = 0DBFD366205F4D0E009EF037 /* DraggableCollectionViewController.swift */; };
		0DBFD36B205F4FBF009EF037 /* ColorSelectionCell.swift in Sources */ = {isa = PBXBuildFile; fileRef = 0DBFD36A205F4FBF009EF037 /* ColorSelectionCell.swift */; };
		0DCC46AF203D5F8000E795B8 /* LassoViewController.swift in Sources */ = {isa = PBXBuildFile; fileRef = 0DCC46AE203D5F8000E795B8 /* LassoViewController.swift */; };
		0DDB349A202D24E700851A87 /* AppDelegate.swift in Sources */ = {isa = PBXBuildFile; fileRef = 0DDB3499202D24E700851A87 /* AppDelegate.swift */; };
		0DDB349C202D24E700851A87 /* ViewController.swift in Sources */ = {isa = PBXBuildFile; fileRef = 0DDB349B202D24E700851A87 /* ViewController.swift */; };
		0DDB349F202D24E700851A87 /* Main.storyboard in Resources */ = {isa = PBXBuildFile; fileRef = 0DDB349D202D24E700851A87 /* Main.storyboard */; };
		0DDB34A1202D24E700851A87 /* Assets.xcassets in Resources */ = {isa = PBXBuildFile; fileRef = 0DDB34A0202D24E700851A87 /* Assets.xcassets */; };
		0DDB34A4202D24E700851A87 /* LaunchScreen.storyboard in Resources */ = {isa = PBXBuildFile; fileRef = 0DDB34A2202D24E700851A87 /* LaunchScreen.storyboard */; };
		0DDB34AF202D24E700851A87 /* ios_pocTests.swift in Sources */ = {isa = PBXBuildFile; fileRef = 0DDB34AE202D24E700851A87 /* ios_pocTests.swift */; };
		0DDB34BA202D24E700851A87 /* ios_pocUITests.swift in Sources */ = {isa = PBXBuildFile; fileRef = 0DDB34B9202D24E700851A87 /* ios_pocUITests.swift */; };
		0DDB34CB202D2D8600851A87 /* ZoomableScrollView.swift in Sources */ = {isa = PBXBuildFile; fileRef = 0DDB34C9202D2D8600851A87 /* ZoomableScrollView.swift */; };
		0DDB34CC202D2D8600851A87 /* NestedScrollViewController.swift in Sources */ = {isa = PBXBuildFile; fileRef = 0DDB34CA202D2D8600851A87 /* NestedScrollViewController.swift */; };
		0DDB34CF202D30EC00851A87 /* CanvasView.swift in Sources */ = {isa = PBXBuildFile; fileRef = 0DDB34CE202D30EC00851A87 /* CanvasView.swift */; };
		0DDB34D1202D31E300851A87 /* CanvasViewController.swift in Sources */ = {isa = PBXBuildFile; fileRef = 0DDB34D0202D31E300851A87 /* CanvasViewController.swift */; };
		0DDB35152030772F00851A87 /* MemesUtil.swift in Sources */ = {isa = PBXBuildFile; fileRef = 0DDB35142030772F00851A87 /* MemesUtil.swift */; };
		227ABF127147F82B5A7EEA62 /* Pods_ios_pocUITests.framework in Frameworks */ = {isa = PBXBuildFile; fileRef = 917004476C8EA41FF723B8B4 /* Pods_ios_pocUITests.framework */; };
		651D262858CABE22209086C6 /* Pods_ios_pocTests.framework in Frameworks */ = {isa = PBXBuildFile; fileRef = 47116AD904952E8DED8D8565 /* Pods_ios_pocTests.framework */; };
		B1C84015998B9BF3E470BCD5 /* Pods_ios_poc.framework in Frameworks */ = {isa = PBXBuildFile; fileRef = 0E653D77AD1ABFD7D5EF4C2E /* Pods_ios_poc.framework */; };
		CE63179B20CE1135005374D3 /* DraggableCollectionView.storyboard in Resources */ = {isa = PBXBuildFile; fileRef = CE63179A20CE1135005374D3 /* DraggableCollectionView.storyboard */; };
		CE63179E20CF5701005374D3 /* CanvasView.storyboard in Resources */ = {isa = PBXBuildFile; fileRef = CE63179D20CF5701005374D3 /* CanvasView.storyboard */; };
		CE6317A020CF575B005374D3 /* NestedScrollView.storyboard in Resources */ = {isa = PBXBuildFile; fileRef = CE63179F20CF575B005374D3 /* NestedScrollView.storyboard */; };
		CE6317A220CF5778005374D3 /* PDFKitView.storyboard in Resources */ = {isa = PBXBuildFile; fileRef = CE6317A120CF5778005374D3 /* PDFKitView.storyboard */; };
		CE6317A420CF579D005374D3 /* PDFKitPageView.storyboard in Resources */ = {isa = PBXBuildFile; fileRef = CE6317A320CF579D005374D3 /* PDFKitPageView.storyboard */; };
		CE6317A620CF57C0005374D3 /* CGPDFPageView.storyboard in Resources */ = {isa = PBXBuildFile; fileRef = CE6317A520CF57C0005374D3 /* CGPDFPageView.storyboard */; };
		CED93F3620CA140500458EA7 /* PDFKitBasedViewController.swift in Sources */ = {isa = PBXBuildFile; fileRef = CED93F3520CA140500458EA7 /* PDFKitBasedViewController.swift */; };
/* End PBXBuildFile section */

/* Begin PBXContainerItemProxy section */
		0DDB34AB202D24E700851A87 /* PBXContainerItemProxy */ = {
			isa = PBXContainerItemProxy;
			containerPortal = 0DDB348E202D24E700851A87 /* Project object */;
			proxyType = 1;
			remoteGlobalIDString = 0DDB3495202D24E700851A87;
			remoteInfo = "ios-poc";
		};
		0DDB34B6202D24E700851A87 /* PBXContainerItemProxy */ = {
			isa = PBXContainerItemProxy;
			containerPortal = 0DDB348E202D24E700851A87 /* Project object */;
			proxyType = 1;
			remoteGlobalIDString = 0DDB3495202D24E700851A87;
			remoteInfo = "ios-poc";
		};
/* End PBXContainerItemProxy section */

/* Begin PBXFileReference section */
		0D069A1F2048DA2000E1C8CE /* Extensions.swift */ = {isa = PBXFileReference; lastKnownFileType = sourcecode.swift; path = Extensions.swift; sourceTree = "<group>"; };
		0D3F2849203599F8000162C0 /* sample_pdf.pdf */ = {isa = PBXFileReference; lastKnownFileType = image.pdf; path = sample_pdf.pdf; sourceTree = "<group>"; };
		0D3F284B20359A56000162C0 /* CGPDFPageViewController.swift */ = {isa = PBXFileReference; lastKnownFileType = sourcecode.swift; path = CGPDFPageViewController.swift; sourceTree = "<group>"; };
		0D3F28532038A5F9000162C0 /* PDFParser.swift */ = {isa = PBXFileReference; lastKnownFileType = sourcecode.swift; path = PDFParser.swift; sourceTree = "<group>"; };
		0D3F285620399A29000162C0 /* MemesPdfView.swift */ = {isa = PBXFileReference; lastKnownFileType = sourcecode.swift; path = MemesPdfView.swift; sourceTree = "<group>"; };
		0DBFD366205F4D0E009EF037 /* DraggableCollectionViewController.swift */ = {isa = PBXFileReference; lastKnownFileType = sourcecode.swift; path = DraggableCollectionViewController.swift; sourceTree = "<group>"; };
		0DBFD36A205F4FBF009EF037 /* ColorSelectionCell.swift */ = {isa = PBXFileReference; lastKnownFileType = sourcecode.swift; path = ColorSelectionCell.swift; sourceTree = "<group>"; };
		0DCC46AE203D5F8000E795B8 /* LassoViewController.swift */ = {isa = PBXFileReference; lastKnownFileType = sourcecode.swift; path = LassoViewController.swift; sourceTree = "<group>"; };
		0DDB3496202D24E700851A87 /* ios-poc.app */ = {isa = PBXFileReference; explicitFileType = wrapper.application; includeInIndex = 0; path = "ios-poc.app"; sourceTree = BUILT_PRODUCTS_DIR; };
		0DDB3499202D24E700851A87 /* AppDelegate.swift */ = {isa = PBXFileReference; lastKnownFileType = sourcecode.swift; path = AppDelegate.swift; sourceTree = "<group>"; };
		0DDB349B202D24E700851A87 /* ViewController.swift */ = {isa = PBXFileReference; lastKnownFileType = sourcecode.swift; path = ViewController.swift; sourceTree = "<group>"; };
		0DDB349E202D24E700851A87 /* Base */ = {isa = PBXFileReference; lastKnownFileType = file.storyboard; name = Base; path = Base.lproj/Main.storyboard; sourceTree = "<group>"; };
		0DDB34A0202D24E700851A87 /* Assets.xcassets */ = {isa = PBXFileReference; lastKnownFileType = folder.assetcatalog; path = Assets.xcassets; sourceTree = "<group>"; };
		0DDB34A3202D24E700851A87 /* Base */ = {isa = PBXFileReference; lastKnownFileType = file.storyboard; name = Base; path = Base.lproj/LaunchScreen.storyboard; sourceTree = "<group>"; };
		0DDB34A5202D24E700851A87 /* Info.plist */ = {isa = PBXFileReference; lastKnownFileType = text.plist.xml; path = Info.plist; sourceTree = "<group>"; };
		0DDB34AA202D24E700851A87 /* ios-pocTests.xctest */ = {isa = PBXFileReference; explicitFileType = wrapper.cfbundle; includeInIndex = 0; path = "ios-pocTests.xctest"; sourceTree = BUILT_PRODUCTS_DIR; };
		0DDB34AE202D24E700851A87 /* ios_pocTests.swift */ = {isa = PBXFileReference; lastKnownFileType = sourcecode.swift; path = ios_pocTests.swift; sourceTree = "<group>"; };
		0DDB34B0202D24E700851A87 /* Info.plist */ = {isa = PBXFileReference; lastKnownFileType = text.plist.xml; path = Info.plist; sourceTree = "<group>"; };
		0DDB34B5202D24E700851A87 /* ios-pocUITests.xctest */ = {isa = PBXFileReference; explicitFileType = wrapper.cfbundle; includeInIndex = 0; path = "ios-pocUITests.xctest"; sourceTree = BUILT_PRODUCTS_DIR; };
		0DDB34B9202D24E700851A87 /* ios_pocUITests.swift */ = {isa = PBXFileReference; lastKnownFileType = sourcecode.swift; path = ios_pocUITests.swift; sourceTree = "<group>"; };
		0DDB34BB202D24E700851A87 /* Info.plist */ = {isa = PBXFileReference; lastKnownFileType = text.plist.xml; path = Info.plist; sourceTree = "<group>"; };
		0DDB34C9202D2D8600851A87 /* ZoomableScrollView.swift */ = {isa = PBXFileReference; fileEncoding = 4; lastKnownFileType = sourcecode.swift; path = ZoomableScrollView.swift; sourceTree = "<group>"; };
		0DDB34CA202D2D8600851A87 /* NestedScrollViewController.swift */ = {isa = PBXFileReference; fileEncoding = 4; lastKnownFileType = sourcecode.swift; path = NestedScrollViewController.swift; sourceTree = "<group>"; };
		0DDB34CE202D30EC00851A87 /* CanvasView.swift */ = {isa = PBXFileReference; lastKnownFileType = sourcecode.swift; path = CanvasView.swift; sourceTree = "<group>"; };
		0DDB34D0202D31E300851A87 /* CanvasViewController.swift */ = {isa = PBXFileReference; lastKnownFileType = sourcecode.swift; path = CanvasViewController.swift; sourceTree = "<group>"; };
		0DDB35142030772F00851A87 /* MemesUtil.swift */ = {isa = PBXFileReference; fileEncoding = 4; lastKnownFileType = sourcecode.swift; path = MemesUtil.swift; sourceTree = "<group>"; };
		0E653D77AD1ABFD7D5EF4C2E /* Pods_ios_poc.framework */ = {isa = PBXFileReference; explicitFileType = wrapper.framework; includeInIndex = 0; path = Pods_ios_poc.framework; sourceTree = BUILT_PRODUCTS_DIR; };
		1C93B4A5C99AD5FC60E97E10 /* Pods-ios-poc.release.xcconfig */ = {isa = PBXFileReference; includeInIndex = 1; lastKnownFileType = text.xcconfig; name = "Pods-ios-poc.release.xcconfig"; path = "Pods/Target Support Files/Pods-ios-poc/Pods-ios-poc.release.xcconfig"; sourceTree = "<group>"; };
		44C34017D1E6D6B12B25375D /* Pods-ios-pocUITests.debug.xcconfig */ = {isa = PBXFileReference; includeInIndex = 1; lastKnownFileType = text.xcconfig; name = "Pods-ios-pocUITests.debug.xcconfig"; path = "Pods/Target Support Files/Pods-ios-pocUITests/Pods-ios-pocUITests.debug.xcconfig"; sourceTree = "<group>"; };
		47116AD904952E8DED8D8565 /* Pods_ios_pocTests.framework */ = {isa = PBXFileReference; explicitFileType = wrapper.framework; includeInIndex = 0; path = Pods_ios_pocTests.framework; sourceTree = BUILT_PRODUCTS_DIR; };
		5190EAE9D5997446811CDA0B /* Pods-ios-pocUITests.release.xcconfig */ = {isa = PBXFileReference; includeInIndex = 1; lastKnownFileType = text.xcconfig; name = "Pods-ios-pocUITests.release.xcconfig"; path = "Pods/Target Support Files/Pods-ios-pocUITests/Pods-ios-pocUITests.release.xcconfig"; sourceTree = "<group>"; };
		917004476C8EA41FF723B8B4 /* Pods_ios_pocUITests.framework */ = {isa = PBXFileReference; explicitFileType = wrapper.framework; includeInIndex = 0; path = Pods_ios_pocUITests.framework; sourceTree = BUILT_PRODUCTS_DIR; };
		ADC2E7ED21B148BA198BD26D /* Pods-ios-pocTests.release.xcconfig */ = {isa = PBXFileReference; includeInIndex = 1; lastKnownFileType = text.xcconfig; name = "Pods-ios-pocTests.release.xcconfig"; path = "Pods/Target Support Files/Pods-ios-pocTests/Pods-ios-pocTests.release.xcconfig"; sourceTree = "<group>"; };
		BDDC968E10C16422D4532490 /* Pods-ios-pocTests.debug.xcconfig */ = {isa = PBXFileReference; includeInIndex = 1; lastKnownFileType = text.xcconfig; name = "Pods-ios-pocTests.debug.xcconfig"; path = "Pods/Target Support Files/Pods-ios-pocTests/Pods-ios-pocTests.debug.xcconfig"; sourceTree = "<group>"; };
		CE63179A20CE1135005374D3 /* DraggableCollectionView.storyboard */ = {isa = PBXFileReference; fileEncoding = 4; lastKnownFileType = file.storyboard; path = DraggableCollectionView.storyboard; sourceTree = "<group>"; };
		CE63179C20CF56C6005374D3 /* LassoView.storyboard */ = {isa = PBXFileReference; lastKnownFileType = file.storyboard; name = LassoView.storyboard; path = "/Users/user/proto/ios-poc-repo/ios-poc/Storyboards/LassoView.storyboard"; sourceTree = "<absolute>"; };
		CE63179D20CF5701005374D3 /* CanvasView.storyboard */ = {isa = PBXFileReference; fileEncoding = 4; lastKnownFileType = file.storyboard; path = CanvasView.storyboard; sourceTree = "<group>"; };
		CE63179F20CF575B005374D3 /* NestedScrollView.storyboard */ = {isa = PBXFileReference; fileEncoding = 4; lastKnownFileType = file.storyboard; path = NestedScrollView.storyboard; sourceTree = "<group>"; };
		CE6317A120CF5778005374D3 /* PDFKitView.storyboard */ = {isa = PBXFileReference; fileEncoding = 4; lastKnownFileType = file.storyboard; path = PDFKitView.storyboard; sourceTree = "<group>"; };
		CE6317A320CF579D005374D3 /* PDFKitPageView.storyboard */ = {isa = PBXFileReference; fileEncoding = 4; lastKnownFileType = file.storyboard; path = PDFKitPageView.storyboard; sourceTree = "<group>"; };
		CE6317A520CF57C0005374D3 /* CGPDFPageView.storyboard */ = {isa = PBXFileReference; fileEncoding = 4; lastKnownFileType = file.storyboard; path = CGPDFPageView.storyboard; sourceTree = "<group>"; };
		CED93F3520CA140500458EA7 /* PDFKitBasedViewController.swift */ = {isa = PBXFileReference; fileEncoding = 4; lastKnownFileType = sourcecode.swift; path = PDFKitBasedViewController.swift; sourceTree = "<group>"; };
		F7B9800A21508B54A5A098C0 /* Pods-ios-poc.debug.xcconfig */ = {isa = PBXFileReference; includeInIndex = 1; lastKnownFileType = text.xcconfig; name = "Pods-ios-poc.debug.xcconfig"; path = "Pods/Target Support Files/Pods-ios-poc/Pods-ios-poc.debug.xcconfig"; sourceTree = "<group>"; };
/* End PBXFileReference section */

/* Begin PBXFrameworksBuildPhase section */
		0DDB3493202D24E700851A87 /* Frameworks */ = {
			isa = PBXFrameworksBuildPhase;
			buildActionMask = 2147483647;
			files = (
				B1C84015998B9BF3E470BCD5 /* Pods_ios_poc.framework in Frameworks */,
			);
			runOnlyForDeploymentPostprocessing = 0;
		};
		0DDB34A7202D24E700851A87 /* Frameworks */ = {
			isa = PBXFrameworksBuildPhase;
			buildActionMask = 2147483647;
			files = (
				651D262858CABE22209086C6 /* Pods_ios_pocTests.framework in Frameworks */,
			);
			runOnlyForDeploymentPostprocessing = 0;
		};
		0DDB34B2202D24E700851A87 /* Frameworks */ = {
			isa = PBXFrameworksBuildPhase;
			buildActionMask = 2147483647;
			files = (
				227ABF127147F82B5A7EEA62 /* Pods_ios_pocUITests.framework in Frameworks */,
			);
			runOnlyForDeploymentPostprocessing = 0;
		};
/* End PBXFrameworksBuildPhase section */

/* Begin PBXGroup section */
		0DDB348D202D24E700851A87 = {
			isa = PBXGroup;
			children = (
				0DDB3498202D24E700851A87 /* ios-poc */,
				0DDB34AD202D24E700851A87 /* ios-pocTests */,
				0DDB34B8202D24E700851A87 /* ios-pocUITests */,
				0DDB3497202D24E700851A87 /* Products */,
				E8BC798EADAB2205E36FB882 /* Pods */,
				BF3BD88ACC8719C4F0F40866 /* Frameworks */,
			);
			sourceTree = "<group>";
		};
		0DDB3497202D24E700851A87 /* Products */ = {
			isa = PBXGroup;
			children = (
				0DDB3496202D24E700851A87 /* ios-poc.app */,
				0DDB34AA202D24E700851A87 /* ios-pocTests.xctest */,
				0DDB34B5202D24E700851A87 /* ios-pocUITests.xctest */,
			);
			name = Products;
			sourceTree = "<group>";
		};
		0DDB3498202D24E700851A87 /* ios-poc */ = {
			isa = PBXGroup;
			children = (
				CE63179920CE110D005374D3 /* Storyboards */,
				0DDB34CD202D30DD00851A87 /* Drawing */,
				CED93F3420CA13DD00458EA7 /* views */,
				CEE1661C20CA13800087CC40 /* controllers */,
				0DDB35142030772F00851A87 /* MemesUtil.swift */,
				0DDB3499202D24E700851A87 /* AppDelegate.swift */,
				0DDB349D202D24E700851A87 /* Main.storyboard */,
				0DDB34A2202D24E700851A87 /* LaunchScreen.storyboard */,
				0DDB34A0202D24E700851A87 /* Assets.xcassets */,
				0D3F2849203599F8000162C0 /* sample_pdf.pdf */,
				0DDB34A5202D24E700851A87 /* Info.plist */,
				0D3F28532038A5F9000162C0 /* PDFParser.swift */,
				0D069A1F2048DA2000E1C8CE /* Extensions.swift */,
			);
			path = "ios-poc";
			sourceTree = "<group>";
		};
		0DDB34AD202D24E700851A87 /* ios-pocTests */ = {
			isa = PBXGroup;
			children = (
				0DDB34AE202D24E700851A87 /* ios_pocTests.swift */,
				0DDB34B0202D24E700851A87 /* Info.plist */,
			);
			path = "ios-pocTests";
			sourceTree = "<group>";
		};
		0DDB34B8202D24E700851A87 /* ios-pocUITests */ = {
			isa = PBXGroup;
			children = (
				0DDB34B9202D24E700851A87 /* ios_pocUITests.swift */,
				0DDB34BB202D24E700851A87 /* Info.plist */,
			);
			path = "ios-pocUITests";
			sourceTree = "<group>";
		};
		0DDB34CD202D30DD00851A87 /* Drawing */ = {
			isa = PBXGroup;
			children = (
				0D3F285620399A29000162C0 /* MemesPdfView.swift */,
				0DDB34CE202D30EC00851A87 /* CanvasView.swift */,
			);
			path = Drawing;
			sourceTree = "<group>";
		};
		BF3BD88ACC8719C4F0F40866 /* Frameworks */ = {
			isa = PBXGroup;
			children = (
				0E653D77AD1ABFD7D5EF4C2E /* Pods_ios_poc.framework */,
				47116AD904952E8DED8D8565 /* Pods_ios_pocTests.framework */,
				917004476C8EA41FF723B8B4 /* Pods_ios_pocUITests.framework */,
			);
			name = Frameworks;
			sourceTree = "<group>";
		};
		CE63179920CE110D005374D3 /* Storyboards */ = {
			isa = PBXGroup;
			children = (
				CE6317A520CF57C0005374D3 /* CGPDFPageView.storyboard */,
				CE6317A320CF579D005374D3 /* PDFKitPageView.storyboard */,
				CE6317A120CF5778005374D3 /* PDFKitView.storyboard */,
				CE63179F20CF575B005374D3 /* NestedScrollView.storyboard */,
				CE63179D20CF5701005374D3 /* CanvasView.storyboard */,
				CE63179C20CF56C6005374D3 /* LassoView.storyboard */,
				CE63179A20CE1135005374D3 /* DraggableCollectionView.storyboard */,
			);
			path = Storyboards;
			sourceTree = "<group>";
		};
		CED93F3420CA13DD00458EA7 /* views */ = {
			isa = PBXGroup;
			children = (
				0DDB34C9202D2D8600851A87 /* ZoomableScrollView.swift */,
			);
			path = views;
			sourceTree = "<group>";
		};
		CEE1661C20CA13800087CC40 /* controllers */ = {
			isa = PBXGroup;
			children = (
				CED93F3520CA140500458EA7 /* PDFKitBasedViewController.swift */,
				0DDB349B202D24E700851A87 /* ViewController.swift */,
				0DDB34D0202D31E300851A87 /* CanvasViewController.swift */,
				0D3F284B20359A56000162C0 /* CGPDFPageViewController.swift */,
				0DBFD366205F4D0E009EF037 /* DraggableCollectionViewController.swift */,
				0DDB34CA202D2D8600851A87 /* NestedScrollViewController.swift */,
				0DCC46AE203D5F8000E795B8 /* LassoViewController.swift */,
				0DBFD36A205F4FBF009EF037 /* ColorSelectionCell.swift */,
			);
			path = controllers;
			sourceTree = "<group>";
		};
		E8BC798EADAB2205E36FB882 /* Pods */ = {
			isa = PBXGroup;
			children = (
				F7B9800A21508B54A5A098C0 /* Pods-ios-poc.debug.xcconfig */,
				1C93B4A5C99AD5FC60E97E10 /* Pods-ios-poc.release.xcconfig */,
				BDDC968E10C16422D4532490 /* Pods-ios-pocTests.debug.xcconfig */,
				ADC2E7ED21B148BA198BD26D /* Pods-ios-pocTests.release.xcconfig */,
				44C34017D1E6D6B12B25375D /* Pods-ios-pocUITests.debug.xcconfig */,
				5190EAE9D5997446811CDA0B /* Pods-ios-pocUITests.release.xcconfig */,
			);
			name = Pods;
			sourceTree = "<group>";
		};
/* End PBXGroup section */

/* Begin PBXNativeTarget section */
		0DDB3495202D24E700851A87 /* ios-poc */ = {
			isa = PBXNativeTarget;
			buildConfigurationList = 0DDB34BE202D24E700851A87 /* Build configuration list for PBXNativeTarget "ios-poc" */;
			buildPhases = (
				62B092503ED117E5FC55C31D /* [CP] Check Pods Manifest.lock */,
				0DDB3492202D24E700851A87 /* Sources */,
				0DDB3493202D24E700851A87 /* Frameworks */,
				0DDB3494202D24E700851A87 /* Resources */,
				AD42649E00ABA0842A618DC0 /* [CP] Embed Pods Frameworks */,
			);
			buildRules = (
			);
			dependencies = (
			);
			name = "ios-poc";
			productName = "ios-poc";
			productReference = 0DDB3496202D24E700851A87 /* ios-poc.app */;
			productType = "com.apple.product-type.application";
		};
		0DDB34A9202D24E700851A87 /* ios-pocTests */ = {
			isa = PBXNativeTarget;
			buildConfigurationList = 0DDB34C1202D24E700851A87 /* Build configuration list for PBXNativeTarget "ios-pocTests" */;
			buildPhases = (
				BB6879939FE1BC7E905EB536 /* [CP] Check Pods Manifest.lock */,
				0DDB34A6202D24E700851A87 /* Sources */,
				0DDB34A7202D24E700851A87 /* Frameworks */,
				0DDB34A8202D24E700851A87 /* Resources */,
			);
			buildRules = (
			);
			dependencies = (
				0DDB34AC202D24E700851A87 /* PBXTargetDependency */,
			);
			name = "ios-pocTests";
			productName = "ios-pocTests";
			productReference = 0DDB34AA202D24E700851A87 /* ios-pocTests.xctest */;
			productType = "com.apple.product-type.bundle.unit-test";
		};
		0DDB34B4202D24E700851A87 /* ios-pocUITests */ = {
			isa = PBXNativeTarget;
			buildConfigurationList = 0DDB34C4202D24E700851A87 /* Build configuration list for PBXNativeTarget "ios-pocUITests" */;
			buildPhases = (
				CC34534DFE395E08AF905585 /* [CP] Check Pods Manifest.lock */,
				0DDB34B1202D24E700851A87 /* Sources */,
				0DDB34B2202D24E700851A87 /* Frameworks */,
				0DDB34B3202D24E700851A87 /* Resources */,
			);
			buildRules = (
			);
			dependencies = (
				0DDB34B7202D24E700851A87 /* PBXTargetDependency */,
			);
			name = "ios-pocUITests";
			productName = "ios-pocUITests";
			productReference = 0DDB34B5202D24E700851A87 /* ios-pocUITests.xctest */;
			productType = "com.apple.product-type.bundle.ui-testing";
		};
/* End PBXNativeTarget section */

/* Begin PBXProject section */
		0DDB348E202D24E700851A87 /* Project object */ = {
			isa = PBXProject;
			attributes = {
				LastSwiftUpdateCheck = 0920;
				LastUpgradeCheck = 0940;
				ORGANIZATIONNAME = dsdstudio.inc;
				TargetAttributes = {
					0DDB3495202D24E700851A87 = {
						CreatedOnToolsVersion = 9.2;
						LastSwiftMigration = 1000;
						ProvisioningStyle = Automatic;
					};
					0DDB34A9202D24E700851A87 = {
						CreatedOnToolsVersion = 9.2;
						LastSwiftMigration = 1000;
						ProvisioningStyle = Automatic;
						TestTargetID = 0DDB3495202D24E700851A87;
					};
					0DDB34B4202D24E700851A87 = {
						CreatedOnToolsVersion = 9.2;
						LastSwiftMigration = 1000;
						ProvisioningStyle = Automatic;
						TestTargetID = 0DDB3495202D24E700851A87;
					};
				};
			};
			buildConfigurationList = 0DDB3491202D24E700851A87 /* Build configuration list for PBXProject "ios-poc" */;
			compatibilityVersion = "Xcode 8.0";
			developmentRegion = en;
			hasScannedForEncodings = 0;
			knownRegions = (
				en,
				Base,
			);
			mainGroup = 0DDB348D202D24E700851A87;
			productRefGroup = 0DDB3497202D24E700851A87 /* Products */;
			projectDirPath = "";
			projectRoot = "";
			targets = (
				0DDB3495202D24E700851A87 /* ios-poc */,
				0DDB34A9202D24E700851A87 /* ios-pocTests */,
				0DDB34B4202D24E700851A87 /* ios-pocUITests */,
			);
		};
/* End PBXProject section */

/* Begin PBXResourcesBuildPhase section */
		0DDB3494202D24E700851A87 /* Resources */ = {
			isa = PBXResourcesBuildPhase;
			buildActionMask = 2147483647;
			files = (
				0DDB34A4202D24E700851A87 /* LaunchScreen.storyboard in Resources */,
				CE6317A220CF5778005374D3 /* PDFKitView.storyboard in Resources */,
				CE6317A420CF579D005374D3 /* PDFKitPageView.storyboard in Resources */,
				CE63179B20CE1135005374D3 /* DraggableCollectionView.storyboard in Resources */,
				CE6317A020CF575B005374D3 /* NestedScrollView.storyboard in Resources */,
				CE6317A620CF57C0005374D3 /* CGPDFPageView.storyboard in Resources */,
				0DDB34A1202D24E700851A87 /* Assets.xcassets in Resources */,
				CE63179E20CF5701005374D3 /* CanvasView.storyboard in Resources */,
				0D3F284A203599F8000162C0 /* sample_pdf.pdf in Resources */,
				0DDB349F202D24E700851A87 /* Main.storyboard in Resources */,
			);
			runOnlyForDeploymentPostprocessing = 0;
		};
		0DDB34A8202D24E700851A87 /* Resources */ = {
			isa = PBXResourcesBuildPhase;
			buildActionMask = 2147483647;
			files = (
			);
			runOnlyForDeploymentPostprocessing = 0;
		};
		0DDB34B3202D24E700851A87 /* Resources */ = {
			isa = PBXResourcesBuildPhase;
			buildActionMask = 2147483647;
			files = (
			);
			runOnlyForDeploymentPostprocessing = 0;
		};
/* End PBXResourcesBuildPhase section */

/* Begin PBXShellScriptBuildPhase section */
		62B092503ED117E5FC55C31D /* [CP] Check Pods Manifest.lock */ = {
			isa = PBXShellScriptBuildPhase;
			buildActionMask = 2147483647;
			files = (
			);
			inputPaths = (
				"${PODS_PODFILE_DIR_PATH}/Podfile.lock",
				"${PODS_ROOT}/Manifest.lock",
			);
			name = "[CP] Check Pods Manifest.lock";
			outputPaths = (
				"$(DERIVED_FILE_DIR)/Pods-ios-poc-checkManifestLockResult.txt",
			);
			runOnlyForDeploymentPostprocessing = 0;
			shellPath = /bin/sh;
			shellScript = "diff \"${PODS_PODFILE_DIR_PATH}/Podfile.lock\" \"${PODS_ROOT}/Manifest.lock\" > /dev/null\nif [ $? != 0 ] ; then\n    # print error to STDERR\n    echo \"error: The sandbox is not in sync with the Podfile.lock. Run 'pod install' or update your CocoaPods installation.\" >&2\n    exit 1\nfi\n# This output is used by Xcode 'outputs' to avoid re-running this script phase.\necho \"SUCCESS\" > \"${SCRIPT_OUTPUT_FILE_0}\"\n";
			showEnvVarsInLog = 0;
		};
		AD42649E00ABA0842A618DC0 /* [CP] Embed Pods Frameworks */ = {
			isa = PBXShellScriptBuildPhase;
			buildActionMask = 2147483647;
			files = (
			);
			inputPaths = (
				"${SRCROOT}/Pods/Target Support Files/Pods-ios-poc/Pods-ios-poc-frameworks.sh",
				"${BUILT_PRODUCTS_DIR}/SwiftIcons/SwiftIcons.framework",
			);
			name = "[CP] Embed Pods Frameworks";
			outputPaths = (
				"${TARGET_BUILD_DIR}/${FRAMEWORKS_FOLDER_PATH}/SwiftIcons.framework",
			);
			runOnlyForDeploymentPostprocessing = 0;
			shellPath = /bin/sh;
			shellScript = "\"${SRCROOT}/Pods/Target Support Files/Pods-ios-poc/Pods-ios-poc-frameworks.sh\"\n";
			showEnvVarsInLog = 0;
		};
		BB6879939FE1BC7E905EB536 /* [CP] Check Pods Manifest.lock */ = {
			isa = PBXShellScriptBuildPhase;
			buildActionMask = 2147483647;
			files = (
			);
			inputPaths = (
				"${PODS_PODFILE_DIR_PATH}/Podfile.lock",
				"${PODS_ROOT}/Manifest.lock",
			);
			name = "[CP] Check Pods Manifest.lock";
			outputPaths = (
				"$(DERIVED_FILE_DIR)/Pods-ios-pocTests-checkManifestLockResult.txt",
			);
			runOnlyForDeploymentPostprocessing = 0;
			shellPath = /bin/sh;
			shellScript = "diff \"${PODS_PODFILE_DIR_PATH}/Podfile.lock\" \"${PODS_ROOT}/Manifest.lock\" > /dev/null\nif [ $? != 0 ] ; then\n    # print error to STDERR\n    echo \"error: The sandbox is not in sync with the Podfile.lock. Run 'pod install' or update your CocoaPods installation.\" >&2\n    exit 1\nfi\n# This output is used by Xcode 'outputs' to avoid re-running this script phase.\necho \"SUCCESS\" > \"${SCRIPT_OUTPUT_FILE_0}\"\n";
			showEnvVarsInLog = 0;
		};
		CC34534DFE395E08AF905585 /* [CP] Check Pods Manifest.lock */ = {
			isa = PBXShellScriptBuildPhase;
			buildActionMask = 2147483647;
			files = (
			);
			inputPaths = (
				"${PODS_PODFILE_DIR_PATH}/Podfile.lock",
				"${PODS_ROOT}/Manifest.lock",
			);
			name = "[CP] Check Pods Manifest.lock";
			outputPaths = (
				"$(DERIVED_FILE_DIR)/Pods-ios-pocUITests-checkManifestLockResult.txt",
			);
			runOnlyForDeploymentPostprocessing = 0;
			shellPath = /bin/sh;
			shellScript = "diff \"${PODS_PODFILE_DIR_PATH}/Podfile.lock\" \"${PODS_ROOT}/Manifest.lock\" > /dev/null\nif [ $? != 0 ] ; then\n    # print error to STDERR\n    echo \"error: The sandbox is not in sync with the Podfile.lock. Run 'pod install' or update your CocoaPods installation.\" >&2\n    exit 1\nfi\n# This output is used by Xcode 'outputs' to avoid re-running this script phase.\necho \"SUCCESS\" > \"${SCRIPT_OUTPUT_FILE_0}\"\n";
			showEnvVarsInLog = 0;
		};
/* End PBXShellScriptBuildPhase section */

/* Begin PBXSourcesBuildPhase section */
		0DDB3492202D24E700851A87 /* Sources */ = {
			isa = PBXSourcesBuildPhase;
			buildActionMask = 2147483647;
			files = (
				0D3F284C20359A56000162C0 /* CGPDFPageViewController.swift in Sources */,
				0DDB34CC202D2D8600851A87 /* NestedScrollViewController.swift in Sources */,
				0DDB34CF202D30EC00851A87 /* CanvasView.swift in Sources */,
				CED93F3620CA140500458EA7 /* PDFKitBasedViewController.swift in Sources */,
				0DDB349C202D24E700851A87 /* ViewController.swift in Sources */,
				0DDB34CB202D2D8600851A87 /* ZoomableScrollView.swift in Sources */,
				0DDB34D1202D31E300851A87 /* CanvasViewController.swift in Sources */,
				0D3F28542038A5F9000162C0 /* PDFParser.swift in Sources */,
				0D069A202048DA2000E1C8CE /* Extensions.swift in Sources */,
				0D3F285720399A29000162C0 /* MemesPdfView.swift in Sources */,
				0DCC46AF203D5F8000E795B8 /* LassoViewController.swift in Sources */,
				0DDB349A202D24E700851A87 /* AppDelegate.swift in Sources */,
				0DBFD367205F4D0E009EF037 /* DraggableCollectionViewController.swift in Sources */,
				0DDB35152030772F00851A87 /* MemesUtil.swift in Sources */,
				0DBFD36B205F4FBF009EF037 /* ColorSelectionCell.swift in Sources */,
			);
			runOnlyForDeploymentPostprocessing = 0;
		};
		0DDB34A6202D24E700851A87 /* Sources */ = {
			isa = PBXSourcesBuildPhase;
			buildActionMask = 2147483647;
			files = (
				0DDB34AF202D24E700851A87 /* ios_pocTests.swift in Sources */,
			);
			runOnlyForDeploymentPostprocessing = 0;
		};
		0DDB34B1202D24E700851A87 /* Sources */ = {
			isa = PBXSourcesBuildPhase;
			buildActionMask = 2147483647;
			files = (
				0DDB34BA202D24E700851A87 /* ios_pocUITests.swift in Sources */,
			);
			runOnlyForDeploymentPostprocessing = 0;
		};
/* End PBXSourcesBuildPhase section */

/* Begin PBXTargetDependency section */
		0DDB34AC202D24E700851A87 /* PBXTargetDependency */ = {
			isa = PBXTargetDependency;
			target = 0DDB3495202D24E700851A87 /* ios-poc */;
			targetProxy = 0DDB34AB202D24E700851A87 /* PBXContainerItemProxy */;
		};
		0DDB34B7202D24E700851A87 /* PBXTargetDependency */ = {
			isa = PBXTargetDependency;
			target = 0DDB3495202D24E700851A87 /* ios-poc */;
			targetProxy = 0DDB34B6202D24E700851A87 /* PBXContainerItemProxy */;
		};
/* End PBXTargetDependency section */

/* Begin PBXVariantGroup section */
		0DDB349D202D24E700851A87 /* Main.storyboard */ = {
			isa = PBXVariantGroup;
			children = (
				0DDB349E202D24E700851A87 /* Base */,
			);
			name = Main.storyboard;
			sourceTree = "<group>";
		};
		0DDB34A2202D24E700851A87 /* LaunchScreen.storyboard */ = {
			isa = PBXVariantGroup;
			children = (
				0DDB34A3202D24E700851A87 /* Base */,
			);
			name = LaunchScreen.storyboard;
			sourceTree = "<group>";
		};
/* End PBXVariantGroup section */

/* Begin XCBuildConfiguration section */
		0DDB34BC202D24E700851A87 /* Debug */ = {
			isa = XCBuildConfiguration;
			buildSettings = {
				ALWAYS_SEARCH_USER_PATHS = NO;
				CLANG_ANALYZER_NONNULL = YES;
				CLANG_ANALYZER_NUMBER_OBJECT_CONVERSION = YES_AGGRESSIVE;
				CLANG_CXX_LANGUAGE_STANDARD = "gnu++14";
				CLANG_CXX_LIBRARY = "libc++";
				CLANG_ENABLE_MODULES = YES;
				CLANG_ENABLE_OBJC_ARC = YES;
				CLANG_WARN_BLOCK_CAPTURE_AUTORELEASING = YES;
				CLANG_WARN_BOOL_CONVERSION = YES;
				CLANG_WARN_COMMA = YES;
				CLANG_WARN_CONSTANT_CONVERSION = YES;
				CLANG_WARN_DEPRECATED_OBJC_IMPLEMENTATIONS = YES;
				CLANG_WARN_DIRECT_OBJC_ISA_USAGE = YES_ERROR;
				CLANG_WARN_DOCUMENTATION_COMMENTS = YES;
				CLANG_WARN_EMPTY_BODY = YES;
				CLANG_WARN_ENUM_CONVERSION = YES;
				CLANG_WARN_INFINITE_RECURSION = YES;
				CLANG_WARN_INT_CONVERSION = YES;
				CLANG_WARN_NON_LITERAL_NULL_CONVERSION = YES;
				CLANG_WARN_OBJC_IMPLICIT_RETAIN_SELF = YES;
				CLANG_WARN_OBJC_LITERAL_CONVERSION = YES;
				CLANG_WARN_OBJC_ROOT_CLASS = YES_ERROR;
				CLANG_WARN_RANGE_LOOP_ANALYSIS = YES;
				CLANG_WARN_STRICT_PROTOTYPES = YES;
				CLANG_WARN_SUSPICIOUS_MOVE = YES;
				CLANG_WARN_UNGUARDED_AVAILABILITY = YES_AGGRESSIVE;
				CLANG_WARN_UNREACHABLE_CODE = YES;
				CLANG_WARN__DUPLICATE_METHOD_MATCH = YES;
				CODE_SIGN_IDENTITY = "iPhone Developer";
				COPY_PHASE_STRIP = NO;
				DEBUG_INFORMATION_FORMAT = dwarf;
				ENABLE_STRICT_OBJC_MSGSEND = YES;
				ENABLE_TESTABILITY = YES;
				GCC_C_LANGUAGE_STANDARD = gnu11;
				GCC_DYNAMIC_NO_PIC = NO;
				GCC_NO_COMMON_BLOCKS = YES;
				GCC_OPTIMIZATION_LEVEL = 0;
				GCC_PREPROCESSOR_DEFINITIONS = (
					"DEBUG=1",
					"$(inherited)",
				);
				GCC_WARN_64_TO_32_BIT_CONVERSION = YES;
				GCC_WARN_ABOUT_RETURN_TYPE = YES_ERROR;
				GCC_WARN_UNDECLARED_SELECTOR = YES;
				GCC_WARN_UNINITIALIZED_AUTOS = YES_AGGRESSIVE;
				GCC_WARN_UNUSED_FUNCTION = YES;
				GCC_WARN_UNUSED_VARIABLE = YES;
				IPHONEOS_DEPLOYMENT_TARGET = 11.2;
				MTL_ENABLE_DEBUG_INFO = YES;
				ONLY_ACTIVE_ARCH = YES;
				SDKROOT = iphoneos;
				SWIFT_ACTIVE_COMPILATION_CONDITIONS = DEBUG;
				SWIFT_OPTIMIZATION_LEVEL = "-Onone";
			};
			name = Debug;
		};
		0DDB34BD202D24E700851A87 /* Release */ = {
			isa = XCBuildConfiguration;
			buildSettings = {
				ALWAYS_SEARCH_USER_PATHS = NO;
				CLANG_ANALYZER_NONNULL = YES;
				CLANG_ANALYZER_NUMBER_OBJECT_CONVERSION = YES_AGGRESSIVE;
				CLANG_CXX_LANGUAGE_STANDARD = "gnu++14";
				CLANG_CXX_LIBRARY = "libc++";
				CLANG_ENABLE_MODULES = YES;
				CLANG_ENABLE_OBJC_ARC = YES;
				CLANG_WARN_BLOCK_CAPTURE_AUTORELEASING = YES;
				CLANG_WARN_BOOL_CONVERSION = YES;
				CLANG_WARN_COMMA = YES;
				CLANG_WARN_CONSTANT_CONVERSION = YES;
				CLANG_WARN_DEPRECATED_OBJC_IMPLEMENTATIONS = YES;
				CLANG_WARN_DIRECT_OBJC_ISA_USAGE = YES_ERROR;
				CLANG_WARN_DOCUMENTATION_COMMENTS = YES;
				CLANG_WARN_EMPTY_BODY = YES;
				CLANG_WARN_ENUM_CONVERSION = YES;
				CLANG_WARN_INFINITE_RECURSION = YES;
				CLANG_WARN_INT_CONVERSION = YES;
				CLANG_WARN_NON_LITERAL_NULL_CONVERSION = YES;
				CLANG_WARN_OBJC_IMPLICIT_RETAIN_SELF = YES;
				CLANG_WARN_OBJC_LITERAL_CONVERSION = YES;
				CLANG_WARN_OBJC_ROOT_CLASS = YES_ERROR;
				CLANG_WARN_RANGE_LOOP_ANALYSIS = YES;
				CLANG_WARN_STRICT_PROTOTYPES = YES;
				CLANG_WARN_SUSPICIOUS_MOVE = YES;
				CLANG_WARN_UNGUARDED_AVAILABILITY = YES_AGGRESSIVE;
				CLANG_WARN_UNREACHABLE_CODE = YES;
				CLANG_WARN__DUPLICATE_METHOD_MATCH = YES;
				CODE_SIGN_IDENTITY = "iPhone Developer";
				COPY_PHASE_STRIP = NO;
				DEBUG_INFORMATION_FORMAT = "dwarf-with-dsym";
				ENABLE_NS_ASSERTIONS = NO;
				ENABLE_STRICT_OBJC_MSGSEND = YES;
				GCC_C_LANGUAGE_STANDARD = gnu11;
				GCC_NO_COMMON_BLOCKS = YES;
				GCC_WARN_64_TO_32_BIT_CONVERSION = YES;
				GCC_WARN_ABOUT_RETURN_TYPE = YES_ERROR;
				GCC_WARN_UNDECLARED_SELECTOR = YES;
				GCC_WARN_UNINITIALIZED_AUTOS = YES_AGGRESSIVE;
				GCC_WARN_UNUSED_FUNCTION = YES;
				GCC_WARN_UNUSED_VARIABLE = YES;
				IPHONEOS_DEPLOYMENT_TARGET = 11.2;
				MTL_ENABLE_DEBUG_INFO = NO;
				SDKROOT = iphoneos;
				SWIFT_OPTIMIZATION_LEVEL = "-Owholemodule";
				VALIDATE_PRODUCT = YES;
			};
			name = Release;
		};
		0DDB34BF202D24E700851A87 /* Debug */ = {
			isa = XCBuildConfiguration;
			baseConfigurationReference = F7B9800A21508B54A5A098C0 /* Pods-ios-poc.debug.xcconfig */;
			buildSettings = {
				ASSETCATALOG_COMPILER_APPICON_NAME = AppIcon;
				CODE_SIGN_STYLE = Automatic;
				DEVELOPMENT_TEAM = M53PN64Z38;
				INFOPLIST_FILE = "ios-poc/Info.plist";
				LD_RUNPATH_SEARCH_PATHS = "$(inherited) @executable_path/Frameworks";
				PRODUCT_BUNDLE_IDENTIFIER = "net.dsdstudio.ios-poc";
				PRODUCT_NAME = "$(TARGET_NAME)";
				SWIFT_VERSION = 4.2;
				TARGETED_DEVICE_FAMILY = "1,2";
			};
			name = Debug;
		};
		0DDB34C0202D24E700851A87 /* Release */ = {
			isa = XCBuildConfiguration;
			baseConfigurationReference = 1C93B4A5C99AD5FC60E97E10 /* Pods-ios-poc.release.xcconfig */;
			buildSettings = {
				ASSETCATALOG_COMPILER_APPICON_NAME = AppIcon;
				CODE_SIGN_STYLE = Automatic;
				DEVELOPMENT_TEAM = M53PN64Z38;
				INFOPLIST_FILE = "ios-poc/Info.plist";
				LD_RUNPATH_SEARCH_PATHS = "$(inherited) @executable_path/Frameworks";
				PRODUCT_BUNDLE_IDENTIFIER = "net.dsdstudio.ios-poc";
				PRODUCT_NAME = "$(TARGET_NAME)";
				SWIFT_VERSION = 4.2;
				TARGETED_DEVICE_FAMILY = "1,2";
			};
			name = Release;
		};
		0DDB34C2202D24E700851A87 /* Debug */ = {
			isa = XCBuildConfiguration;
			baseConfigurationReference = BDDC968E10C16422D4532490 /* Pods-ios-pocTests.debug.xcconfig */;
			buildSettings = {
				ALWAYS_EMBED_SWIFT_STANDARD_LIBRARIES = YES;
				BUNDLE_LOADER = "$(TEST_HOST)";
				CODE_SIGN_STYLE = Automatic;
				DEVELOPMENT_TEAM = M53PN64Z38;
				INFOPLIST_FILE = "ios-pocTests/Info.plist";
				LD_RUNPATH_SEARCH_PATHS = "$(inherited) @executable_path/Frameworks @loader_path/Frameworks";
				PRODUCT_BUNDLE_IDENTIFIER = "net.dsdstudio.ios-pocTests";
				PRODUCT_NAME = "$(TARGET_NAME)";
				SWIFT_VERSION = 4.2;
				TARGETED_DEVICE_FAMILY = "1,2";
				TEST_HOST = "$(BUILT_PRODUCTS_DIR)/ios-poc.app/ios-poc";
			};
			name = Debug;
		};
		0DDB34C3202D24E700851A87 /* Release */ = {
			isa = XCBuildConfiguration;
			baseConfigurationReference = ADC2E7ED21B148BA198BD26D /* Pods-ios-pocTests.release.xcconfig */;
			buildSettings = {
				ALWAYS_EMBED_SWIFT_STANDARD_LIBRARIES = YES;
				BUNDLE_LOADER = "$(TEST_HOST)";
				CODE_SIGN_STYLE = Automatic;
				DEVELOPMENT_TEAM = M53PN64Z38;
				INFOPLIST_FILE = "ios-pocTests/Info.plist";
				LD_RUNPATH_SEARCH_PATHS = "$(inherited) @executable_path/Frameworks @loader_path/Frameworks";
				PRODUCT_BUNDLE_IDENTIFIER = "net.dsdstudio.ios-pocTests";
				PRODUCT_NAME = "$(TARGET_NAME)";
				SWIFT_VERSION = 4.2;
				TARGETED_DEVICE_FAMILY = "1,2";
				TEST_HOST = "$(BUILT_PRODUCTS_DIR)/ios-poc.app/ios-poc";
			};
			name = Release;
		};
		0DDB34C5202D24E700851A87 /* Debug */ = {
			isa = XCBuildConfiguration;
			baseConfigurationReference = 44C34017D1E6D6B12B25375D /* Pods-ios-pocUITests.debug.xcconfig */;
			buildSettings = {
				ALWAYS_EMBED_SWIFT_STANDARD_LIBRARIES = YES;
				CODE_SIGN_STYLE = Automatic;
				DEVELOPMENT_TEAM = M53PN64Z38;
				INFOPLIST_FILE = "ios-pocUITests/Info.plist";
				LD_RUNPATH_SEARCH_PATHS = "$(inherited) @executable_path/Frameworks @loader_path/Frameworks";
				PRODUCT_BUNDLE_IDENTIFIER = "net.dsdstudio.ios-pocUITests";
				PRODUCT_NAME = "$(TARGET_NAME)";
				SWIFT_VERSION = 4.2;
				TARGETED_DEVICE_FAMILY = "1,2";
				TEST_TARGET_NAME = "ios-poc";
			};
			name = Debug;
		};
		0DDB34C6202D24E700851A87 /* Release */ = {
			isa = XCBuildConfiguration;
			baseConfigurationReference = 5190EAE9D5997446811CDA0B /* Pods-ios-pocUITests.release.xcconfig */;
			buildSettings = {
				ALWAYS_EMBED_SWIFT_STANDARD_LIBRARIES = YES;
				CODE_SIGN_STYLE = Automatic;
				DEVELOPMENT_TEAM = M53PN64Z38;
				INFOPLIST_FILE = "ios-pocUITests/Info.plist";
				LD_RUNPATH_SEARCH_PATHS = "$(inherited) @executable_path/Frameworks @loader_path/Frameworks";
				PRODUCT_BUNDLE_IDENTIFIER = "net.dsdstudio.ios-pocUITests";
				PRODUCT_NAME = "$(TARGET_NAME)";
				SWIFT_VERSION = 4.2;
				TARGETED_DEVICE_FAMILY = "1,2";
				TEST_TARGET_NAME = "ios-poc";
			};
			name = Release;
		};
/* End XCBuildConfiguration section */

/* Begin XCConfigurationList section */
		0DDB3491202D24E700851A87 /* Build configuration list for PBXProject "ios-poc" */ = {
			isa = XCConfigurationList;
			buildConfigurations = (
				0DDB34BC202D24E700851A87 /* Debug */,
				0DDB34BD202D24E700851A87 /* Release */,
			);
			defaultConfigurationIsVisible = 0;
			defaultConfigurationName = Release;
		};
		0DDB34BE202D24E700851A87 /* Build configuration list for PBXNativeTarget "ios-poc" */ = {
			isa = XCConfigurationList;
			buildConfigurations = (
				0DDB34BF202D24E700851A87 /* Debug */,
				0DDB34C0202D24E700851A87 /* Release */,
			);
			defaultConfigurationIsVisible = 0;
			defaultConfigurationName = Release;
		};
		0DDB34C1202D24E700851A87 /* Build configuration list for PBXNativeTarget "ios-pocTests" */ = {
			isa = XCConfigurationList;
			buildConfigurations = (
				0DDB34C2202D24E700851A87 /* Debug */,
				0DDB34C3202D24E700851A87 /* Release */,
			);
			defaultConfigurationIsVisible = 0;
			defaultConfigurationName = Release;
		};
		0DDB34C4202D24E700851A87 /* Build configuration list for PBXNativeTarget "ios-pocUITests" */ = {
			isa = XCConfigurationList;
			buildConfigurations = (
				0DDB34C5202D24E700851A87 /* Debug */,
				0DDB34C6202D24E700851A87 /* Release */,
			);
			defaultConfigurationIsVisible = 0;
			defaultConfigurationName = Release;
		};
/* End XCConfigurationList section */
	};
	rootObject = 0DDB348E202D24E700851A87 /* Project object */;
}
